// !$*UTF8*$!
{
	archiveVersion = 1;
	classes = {
	};
	objectVersion = 48;
	objects = {

/* Begin PBXBuildFile section */
		9552F36D207EA9A3002C4041 /* AppDelegate.swift in Sources */ = {isa = PBXBuildFile; fileRef = 9552F36C207EA9A3002C4041 /* AppDelegate.swift */; };
		9552F36F207EA9A3002C4041 /* ViewController.swift in Sources */ = {isa = PBXBuildFile; fileRef = 9552F36E207EA9A3002C4041 /* ViewController.swift */; };
		9552F372207EA9A3002C4041 /* Main.storyboard in Resources */ = {isa = PBXBuildFile; fileRef = 9552F370207EA9A3002C4041 /* Main.storyboard */; };
		9552F374207EA9A3002C4041 /* Assets.xcassets in Resources */ = {isa = PBXBuildFile; fileRef = 9552F373207EA9A3002C4041 /* Assets.xcassets */; };
		9552F377207EA9A3002C4041 /* LaunchScreen.storyboard in Resources */ = {isa = PBXBuildFile; fileRef = 9552F375207EA9A3002C4041 /* LaunchScreen.storyboard */; };
		9552F382207EA9A4002C4041 /* SpaceXInfoTests.swift in Sources */ = {isa = PBXBuildFile; fileRef = 9552F381207EA9A4002C4041 /* SpaceXInfoTests.swift */; };
/* End PBXBuildFile section */

/* Begin PBXContainerItemProxy section */
		9552F37E207EA9A4002C4041 /* PBXContainerItemProxy */ = {
			isa = PBXContainerItemProxy;
			containerPortal = 9552F361207EA9A3002C4041 /* Project object */;
			proxyType = 1;
			remoteGlobalIDString = 9552F368207EA9A3002C4041;
			remoteInfo = SpaceXInfo;
		};
/* End PBXContainerItemProxy section */

/* Begin PBXFileReference section */
		9552F369207EA9A3002C4041 /* SpaceXInfo.app */ = {isa = PBXFileReference; explicitFileType = wrapper.application; includeInIndex = 0; path = SpaceXInfo.app; sourceTree = BUILT_PRODUCTS_DIR; };
		9552F36C207EA9A3002C4041 /* AppDelegate.swift */ = {isa = PBXFileReference; lastKnownFileType = sourcecode.swift; path = AppDelegate.swift; sourceTree = "<group>"; };
		9552F36E207EA9A3002C4041 /* ViewController.swift */ = {isa = PBXFileReference; lastKnownFileType = sourcecode.swift; path = ViewController.swift; sourceTree = "<group>"; };
		9552F371207EA9A3002C4041 /* Base */ = {isa = PBXFileReference; lastKnownFileType = file.storyboard; name = Base; path = Base.lproj/Main.storyboard; sourceTree = "<group>"; };
		9552F373207EA9A3002C4041 /* Assets.xcassets */ = {isa = PBXFileReference; lastKnownFileType = folder.assetcatalog; path = Assets.xcassets; sourceTree = "<group>"; };
		9552F376207EA9A3002C4041 /* Base */ = {isa = PBXFileReference; lastKnownFileType = file.storyboard; name = Base; path = Base.lproj/LaunchScreen.storyboard; sourceTree = "<group>"; };
		9552F378207EA9A3002C4041 /* Info.plist */ = {isa = PBXFileReference; lastKnownFileType = text.plist.xml; path = Info.plist; sourceTree = "<group>"; };
		9552F37D207EA9A4002C4041 /* SpaceXInfoTests.xctest */ = {isa = PBXFileReference; explicitFileType = wrapper.cfbundle; includeInIndex = 0; path = SpaceXInfoTests.xctest; sourceTree = BUILT_PRODUCTS_DIR; };
		9552F381207EA9A4002C4041 /* SpaceXInfoTests.swift */ = {isa = PBXFileReference; lastKnownFileType = sourcecode.swift; path = SpaceXInfoTests.swift; sourceTree = "<group>"; };
		9552F383207EA9A4002C4041 /* Info.plist */ = {isa = PBXFileReference; lastKnownFileType = text.plist.xml; path = Info.plist; sourceTree = "<group>"; };
/* End PBXFileReference section */

/* Begin PBXFrameworksBuildPhase section */
		9552F366207EA9A3002C4041 /* Frameworks */ = {
			isa = PBXFrameworksBuildPhase;
			buildActionMask = 2147483647;
			files = (
			);
			runOnlyForDeploymentPostprocessing = 0;
		};
		9552F37A207EA9A4002C4041 /* Frameworks */ = {
			isa = PBXFrameworksBuildPhase;
			buildActionMask = 2147483647;
			files = (
			);
			runOnlyForDeploymentPostprocessing = 0;
		};
/* End PBXFrameworksBuildPhase section */

/* Begin PBXGroup section */
		9552F360207EA9A3002C4041 = {
			isa = PBXGroup;
			children = (
				9552F36B207EA9A3002C4041 /* SpaceXInfo */,
				9552F380207EA9A4002C4041 /* SpaceXInfoTests */,
				9552F36A207EA9A3002C4041 /* Products */,
			);
			sourceTree = "<group>";
		};
		9552F36A207EA9A3002C4041 /* Products */ = {
			isa = PBXGroup;
			children = (
				9552F369207EA9A3002C4041 /* SpaceXInfo.app */,
				9552F37D207EA9A4002C4041 /* SpaceXInfoTests.xctest */,
			);
			name = Products;
			sourceTree = "<group>";
		};
		9552F36B207EA9A3002C4041 /* SpaceXInfo */ = {
			isa = PBXGroup;
			children = (
				9552F36C207EA9A3002C4041 /* AppDelegate.swift */,
				9552F36E207EA9A3002C4041 /* ViewController.swift */,
				9552F370207EA9A3002C4041 /* Main.storyboard */,
				9552F373207EA9A3002C4041 /* Assets.xcassets */,
				9552F375207EA9A3002C4041 /* LaunchScreen.storyboard */,
				9552F378207EA9A3002C4041 /* Info.plist */,
			);
			path = SpaceXInfo;
			sourceTree = "<group>";
		};
		9552F380207EA9A4002C4041 /* SpaceXInfoTests */ = {
			isa = PBXGroup;
			children = (
				9552F381207EA9A4002C4041 /* SpaceXInfoTests.swift */,
				9552F383207EA9A4002C4041 /* Info.plist */,
			);
			path = SpaceXInfoTests;
			sourceTree = "<group>";
		};
/* End PBXGroup section */

/* Begin PBXNativeTarget section */
		9552F368207EA9A3002C4041 /* SpaceXInfo */ = {
			isa = PBXNativeTarget;
			buildConfigurationList = 9552F386207EA9A4002C4041 /* Build configuration list for PBXNativeTarget "SpaceXInfo" */;
			buildPhases = (
				9552F365207EA9A3002C4041 /* Sources */,
				9552F366207EA9A3002C4041 /* Frameworks */,
				9552F367207EA9A3002C4041 /* Resources */,
			);
			buildRules = (
			);
			dependencies = (
			);
			name = SpaceXInfo;
			productName = SpaceXInfo;
			productReference = 9552F369207EA9A3002C4041 /* SpaceXInfo.app */;
			productType = "com.apple.product-type.application";
		};
		9552F37C207EA9A4002C4041 /* SpaceXInfoTests */ = {
			isa = PBXNativeTarget;
			buildConfigurationList = 9552F389207EA9A4002C4041 /* Build configuration list for PBXNativeTarget "SpaceXInfoTests" */;
			buildPhases = (
				9552F379207EA9A4002C4041 /* Sources */,
				9552F37A207EA9A4002C4041 /* Frameworks */,
				9552F37B207EA9A4002C4041 /* Resources */,
			);
			buildRules = (
			);
			dependencies = (
				9552F37F207EA9A4002C4041 /* PBXTargetDependency */,
			);
			name = SpaceXInfoTests;
			productName = SpaceXInfoTests;
			productReference = 9552F37D207EA9A4002C4041 /* SpaceXInfoTests.xctest */;
			productType = "com.apple.product-type.bundle.unit-test";
		};
/* End PBXNativeTarget section */

/* Begin PBXProject section */
		9552F361207EA9A3002C4041 /* Project object */ = {
			isa = PBXProject;
			attributes = {
				LastSwiftUpdateCheck = 0920;
				LastUpgradeCheck = 0920;
				ORGANIZATIONNAME = "Lisnic Victor";
				TargetAttributes = {
					9552F368207EA9A3002C4041 = {
						CreatedOnToolsVersion = 9.2;
						ProvisioningStyle = Automatic;
					};
					9552F37C207EA9A4002C4041 = {
						CreatedOnToolsVersion = 9.2;
						ProvisioningStyle = Automatic;
						TestTargetID = 9552F368207EA9A3002C4041;
					};
				};
			};
			buildConfigurationList = 9552F364207EA9A3002C4041 /* Build configuration list for PBXProject "SpaceXInfo" */;
			compatibilityVersion = "Xcode 8.0";
			developmentRegion = en;
			hasScannedForEncodings = 0;
			knownRegions = (
				en,
				Base,
			);
			mainGroup = 9552F360207EA9A3002C4041;
			productRefGroup = 9552F36A207EA9A3002C4041 /* Products */;
			projectDirPath = "";
			projectRoot = "";
			targets = (
				9552F368207EA9A3002C4041 /* SpaceXInfo */,
				9552F37C207EA9A4002C4041 /* SpaceXInfoTests */,
			);
		};
/* End PBXProject section */

/* Begin PBXResourcesBuildPhase section */
		9552F367207EA9A3002C4041 /* Resources */ = {
			isa = PBXResourcesBuildPhase;
			buildActionMask = 2147483647;
			files = (
				9552F377207EA9A3002C4041 /* LaunchScreen.storyboard in Resources */,
				9552F374207EA9A3002C4041 /* Assets.xcassets in Resources */,
				9552F372207EA9A3002C4041 /* Main.storyboard in Resources */,
			);
			runOnlyForDeploymentPostprocessing = 0;
		};
		9552F37B207EA9A4002C4041 /* Resources */ = {
			isa = PBXResourcesBuildPhase;
			buildActionMask = 2147483647;
			files = (
			);
			runOnlyForDeploymentPostprocessing = 0;
		};
/* End PBXResourcesBuildPhase section */

/* Begin PBXSourcesBuildPhase section */
		9552F365207EA9A3002C4041 /* Sources */ = {
			isa = PBXSourcesBuildPhase;
			buildActionMask = 2147483647;
			files = (
				9552F36F207EA9A3002C4041 /* ViewController.swift in Sources */,
				9552F36D207EA9A3002C4041 /* AppDelegate.swift in Sources */,
			);
			runOnlyForDeploymentPostprocessing = 0;
		};
		9552F379207EA9A4002C4041 /* Sources */ = {
			isa = PBXSourcesBuildPhase;
			buildActionMask = 2147483647;
			files = (
				9552F382207EA9A4002C4041 /* SpaceXInfoTests.swift in Sources */,
			);
			runOnlyForDeploymentPostprocessing = 0;
		};
/* End PBXSourcesBuildPhase section */

/* Begin PBXTargetDependency section */
		9552F37F207EA9A4002C4041 /* PBXTargetDependency */ = {
			isa = PBXTargetDependency;
			target = 9552F368207EA9A3002C4041 /* SpaceXInfo */;
			targetProxy = 9552F37E207EA9A4002C4041 /* PBXContainerItemProxy */;
		};
/* End PBXTargetDependency section */

/* Begin PBXVariantGroup section */
		9552F370207EA9A3002C4041 /* Main.storyboard */ = {
			isa = PBXVariantGroup;
			children = (
				9552F371207EA9A3002C4041 /* Base */,
			);
			name = Main.storyboard;
			sourceTree = "<group>";
		};
		9552F375207EA9A3002C4041 /* LaunchScreen.storyboard */ = {
			isa = PBXVariantGroup;
			children = (
				9552F376207EA9A3002C4041 /* Base */,
			);
			name = LaunchScreen.storyboard;
			sourceTree = "<group>";
		};
/* End PBXVariantGroup section */

/* Begin XCBuildConfiguration section */
		9552F384207EA9A4002C4041 /* Debug */ = {
			isa = XCBuildConfiguration;
			buildSettings = {
				ALWAYS_SEARCH_USER_PATHS = NO;
				CLANG_ANALYZER_NONNULL = YES;
				CLANG_ANALYZER_NUMBER_OBJECT_CONVERSION = YES_AGGRESSIVE;
				CLANG_CXX_LANGUAGE_STANDARD = "gnu++14";
				CLANG_CXX_LIBRARY = "libc++";
				CLANG_ENABLE_MODULES = YES;
				CLANG_ENABLE_OBJC_ARC = YES;
				CLANG_WARN_BLOCK_CAPTURE_AUTORELEASING = YES;
				CLANG_WARN_BOOL_CONVERSION = YES;
				CLANG_WARN_COMMA = YES;
				CLANG_WARN_CONSTANT_CONVERSION = YES;
				CLANG_WARN_DIRECT_OBJC_ISA_USAGE = YES_ERROR;
				CLANG_WARN_DOCUMENTATION_COMMENTS = YES;
				CLANG_WARN_EMPTY_BODY = YES;
				CLANG_WARN_ENUM_CONVERSION = YES;
				CLANG_WARN_INFINITE_RECURSION = YES;
				CLANG_WARN_INT_CONVERSION = YES;
				CLANG_WARN_NON_LITERAL_NULL_CONVERSION = YES;
				CLANG_WARN_OBJC_LITERAL_CONVERSION = YES;
				CLANG_WARN_OBJC_ROOT_CLASS = YES_ERROR;
				CLANG_WARN_RANGE_LOOP_ANALYSIS = YES;
				CLANG_WARN_STRICT_PROTOTYPES = YES;
				CLANG_WARN_SUSPICIOUS_MOVE = YES;
				CLANG_WARN_UNGUARDED_AVAILABILITY = YES_AGGRESSIVE;
				CLANG_WARN_UNREACHABLE_CODE = YES;
				CLANG_WARN__DUPLICATE_METHOD_MATCH = YES;
				CODE_SIGN_IDENTITY = "iPhone Developer";
				COPY_PHASE_STRIP = NO;
				DEBUG_INFORMATION_FORMAT = dwarf;
				ENABLE_STRICT_OBJC_MSGSEND = YES;
				ENABLE_TESTABILITY = YES;
				GCC_C_LANGUAGE_STANDARD = gnu11;
				GCC_DYNAMIC_NO_PIC = NO;
				GCC_NO_COMMON_BLOCKS = YES;
				GCC_OPTIMIZATION_LEVEL = 0;
				GCC_PREPROCESSOR_DEFINITIONS = (
					"DEBUG=1",
					"$(inherited)",
				);
				GCC_WARN_64_TO_32_BIT_CONVERSION = YES;
				GCC_WARN_ABOUT_RETURN_TYPE = YES_ERROR;
				GCC_WARN_UNDECLARED_SELECTOR = YES;
				GCC_WARN_UNINITIALIZED_AUTOS = YES_AGGRESSIVE;
				GCC_WARN_UNUSED_FUNCTION = YES;
				GCC_WARN_UNUSED_VARIABLE = YES;
				IPHONEOS_DEPLOYMENT_TARGET = 11.2;
				MTL_ENABLE_DEBUG_INFO = YES;
				ONLY_ACTIVE_ARCH = YES;
				SDKROOT = iphoneos;
				SWIFT_ACTIVE_COMPILATION_CONDITIONS = DEBUG;
				SWIFT_OPTIMIZATION_LEVEL = "-Onone";
			};
			name = Debug;
		};
		9552F385207EA9A4002C4041 /* Release */ = {
			isa = XCBuildConfiguration;
			buildSettings = {
				ALWAYS_SEARCH_USER_PATHS = NO;
				CLANG_ANALYZER_NONNULL = YES;
				CLANG_ANALYZER_NUMBER_OBJECT_CONVERSION = YES_AGGRESSIVE;
				CLANG_CXX_LANGUAGE_STANDARD = "gnu++14";
				CLANG_CXX_LIBRARY = "libc++";
				CLANG_ENABLE_MODULES = YES;
				CLANG_ENABLE_OBJC_ARC = YES;
				CLANG_WARN_BLOCK_CAPTURE_AUTORELEASING = YES;
				CLANG_WARN_BOOL_CONVERSION = YES;
				CLANG_WARN_COMMA = YES;
				CLANG_WARN_CONSTANT_CONVERSION = YES;
				CLANG_WARN_DIRECT_OBJC_ISA_USAGE = YES_ERROR;
				CLANG_WARN_DOCUMENTATION_COMMENTS = YES;
				CLANG_WARN_EMPTY_BODY = YES;
				CLANG_WARN_ENUM_CONVERSION = YES;
				CLANG_WARN_INFINITE_RECURSION = YES;
				CLANG_WARN_INT_CONVERSION = YES;
				CLANG_WARN_NON_LITERAL_NULL_CONVERSION = YES;
				CLANG_WARN_OBJC_LITERAL_CONVERSION = YES;
				CLANG_WARN_OBJC_ROOT_CLASS = YES_ERROR;
				CLANG_WARN_RANGE_LOOP_ANALYSIS = YES;
				CLANG_WARN_STRICT_PROTOTYPES = YES;
				CLANG_WARN_SUSPICIOUS_MOVE = YES;
				CLANG_WARN_UNGUARDED_AVAILABILITY = YES_AGGRESSIVE;
				CLANG_WARN_UNREACHABLE_CODE = YES;
				CLANG_WARN__DUPLICATE_METHOD_MATCH = YES;
				CODE_SIGN_IDENTITY = "iPhone Developer";
				COPY_PHASE_STRIP = NO;
				DEBUG_INFORMATION_FORMAT = "dwarf-with-dsym";
				ENABLE_NS_ASSERTIONS = NO;
				ENABLE_STRICT_OBJC_MSGSEND = YES;
				GCC_C_LANGUAGE_STANDARD = gnu11;
				GCC_NO_COMMON_BLOCKS = YES;
				GCC_WARN_64_TO_32_BIT_CONVERSION = YES;
				GCC_WARN_ABOUT_RETURN_TYPE = YES_ERROR;
				GCC_WARN_UNDECLARED_SELECTOR = YES;
				GCC_WARN_UNINITIALIZED_AUTOS = YES_AGGRESSIVE;
				GCC_WARN_UNUSED_FUNCTION = YES;
				GCC_WARN_UNUSED_VARIABLE = YES;
				IPHONEOS_DEPLOYMENT_TARGET = 11.2;
				MTL_ENABLE_DEBUG_INFO = NO;
				SDKROOT = iphoneos;
				SWIFT_OPTIMIZATION_LEVEL = "-Owholemodule";
				VALIDATE_PRODUCT = YES;
			};
			name = Release;
		};
		9552F387207EA9A4002C4041 /* Debug */ = {
			isa = XCBuildConfiguration;
			buildSettings = {
				ASSETCATALOG_COMPILER_APPICON_NAME = AppIcon;
				CODE_SIGN_STYLE = Automatic;
				DEVELOPMENT_TEAM = XHABN8J3V3;
				INFOPLIST_FILE = SpaceXInfo/Info.plist;
				LD_RUNPATH_SEARCH_PATHS = "$(inherited) @executable_path/Frameworks";
				PRODUCT_BUNDLE_IDENTIFIER = LV.SpaceXInfo;
				PRODUCT_NAME = "$(TARGET_NAME)";
				SWIFT_VERSION = 4.0;
				TARGETED_DEVICE_FAMILY = "1,2";
			};
			name = Debug;
		};
		9552F388207EA9A4002C4041 /* Release */ = {
			isa = XCBuildConfiguration;
			buildSettings = {
				ASSETCATALOG_COMPILER_APPICON_NAME = AppIcon;
				CODE_SIGN_STYLE = Automatic;
				DEVELOPMENT_TEAM = XHABN8J3V3;
				INFOPLIST_FILE = SpaceXInfo/Info.plist;
				LD_RUNPATH_SEARCH_PATHS = "$(inherited) @executable_path/Frameworks";
				PRODUCT_BUNDLE_IDENTIFIER = LV.SpaceXInfo;
				PRODUCT_NAME = "$(TARGET_NAME)";
				SWIFT_VERSION = 4.0;
				TARGETED_DEVICE_FAMILY = "1,2";
			};
			name = Release;
		};
		9552F38A207EA9A4002C4041 /* Debug */ = {
			isa = XCBuildConfiguration;
			buildSettings = {
				ALWAYS_EMBED_SWIFT_STANDARD_LIBRARIES = YES;
				BUNDLE_LOADER = "$(TEST_HOST)";
				CODE_SIGN_STYLE = Automatic;
				DEVELOPMENT_TEAM = XHABN8J3V3;
				INFOPLIST_FILE = SpaceXInfoTests/Info.plist;
				LD_RUNPATH_SEARCH_PATHS = "$(inherited) @executable_path/Frameworks @loader_path/Frameworks";
				PRODUCT_BUNDLE_IDENTIFIER = LV.SpaceXInfoTests;
				PRODUCT_NAME = "$(TARGET_NAME)";
				SWIFT_VERSION = 4.0;
				TARGETED_DEVICE_FAMILY = "1,2";
				TEST_HOST = "$(BUILT_PRODUCTS_DIR)/SpaceXInfo.app/SpaceXInfo";
			};
			name = Debug;
		};
		9552F38B207EA9A4002C4041 /* Release */ = {
			isa = XCBuildConfiguration;
			buildSettings = {
				ALWAYS_EMBED_SWIFT_STANDARD_LIBRARIES = YES;
				BUNDLE_LOADER = "$(TEST_HOST)";
				CODE_SIGN_STYLE = Automatic;
				DEVELOPMENT_TEAM = XHABN8J3V3;
				INFOPLIST_FILE = SpaceXInfoTests/Info.plist;
				LD_RUNPATH_SEARCH_PATHS = "$(inherited) @executable_path/Frameworks @loader_path/Frameworks";
				PRODUCT_BUNDLE_IDENTIFIER = LV.SpaceXInfoTests;
				PRODUCT_NAME = "$(TARGET_NAME)";
				SWIFT_VERSION = 4.0;
				TARGETED_DEVICE_FAMILY = "1,2";
				TEST_HOST = "$(BUILT_PRODUCTS_DIR)/SpaceXInfo.app/SpaceXInfo";
			};
			name = Release;
		};
/* End XCBuildConfiguration section */

/* Begin XCConfigurationList section */
		9552F364207EA9A3002C4041 /* Build configuration list for PBXProject "SpaceXInfo" */ = {
			isa = XCConfigurationList;
			buildConfigurations = (
				9552F384207EA9A4002C4041 /* Debug */,
				9552F385207EA9A4002C4041 /* Release */,
			);
			defaultConfigurationIsVisible = 0;
			defaultConfigurationName = Release;
		};
		9552F386207EA9A4002C4041 /* Build configuration list for PBXNativeTarget "SpaceXInfo" */ = {
			isa = XCConfigurationList;
			buildConfigurations = (
				9552F387207EA9A4002C4041 /* Debug */,
				9552F388207EA9A4002C4041 /* Release */,
			);
			defaultConfigurationIsVisible = 0;
			defaultConfigurationName = Release;
		};
		9552F389207EA9A4002C4041 /* Build configuration list for PBXNativeTarget "SpaceXInfoTests" */ = {
			isa = XCConfigurationList;
			buildConfigurations = (
				9552F38A207EA9A4002C4041 /* Debug */,
				9552F38B207EA9A4002C4041 /* Release */,
			);
			defaultConfigurationIsVisible = 0;
			defaultConfigurationName = Release;
		};
/* End XCConfigurationList section */
	};
	rootObject = 9552F361207EA9A3002C4041 /* Project object */;
}
